
Microsoft Visual Studio Solution File, Format Version 12.00
# Visual Studio 15
VisualStudioVersion = 15.0.28307.757
MinimumVisualStudioVersion = 10.0.40219.1
Project("{FAE04EC0-301F-11D3-BF4B-00C04F79EFBC}") = "BinaYonetimi.Presentation", "BinaYonetimi.Presentation\BinaYonetimi.Presentation.csproj", "{28AC8AD2-0BA5-4ACC-8482-F628302B5230}"
EndProject
Project("{FAE04EC0-301F-11D3-BF4B-00C04F79EFBC}") = "BinaYonetimi.Business", "BinaYonetimi.Business\BinaYonetimi.Business.csproj", "{F2D2F8CA-BAA0-4E4F-BCE5-E215930CA591}"
EndProject
Project("{FAE04EC0-301F-11D3-BF4B-00C04F79EFBC}") = "BinaYonetimi.DAL", "BinaYonetimi.DAL\BinaYonetimi.DAL.csproj", "{1C4FC81E-1D0A-4A9D-A483-CA8525F539C0}"
EndProject
Project("{FAE04EC0-301F-11D3-BF4B-00C04F79EFBC}") = "BinaYonetimi.Entities", "BinaYonetimi.Entitires\BinaYonetimi.Entities.csproj", "{D0094E1B-C89D-45C0-8F09-3AD258A015FD}"
EndProject
Global
	GlobalSection(SolutionConfigurationPlatforms) = preSolution
		Debug|Any CPU = Debug|Any CPU
		Release|Any CPU = Release|Any CPU
	EndGlobalSection
	GlobalSection(ProjectConfigurationPlatforms) = postSolution
		{28AC8AD2-0BA5-4ACC-8482-F628302B5230}.Debug|Any CPU.ActiveCfg = Debug|Any CPU
		{28AC8AD2-0BA5-4ACC-8482-F628302B5230}.Debug|Any CPU.Build.0 = Debug|Any CPU
		{28AC8AD2-0BA5-4ACC-8482-F628302B5230}.Release|Any CPU.ActiveCfg = Release|Any CPU
		{28AC8AD2-0BA5-4ACC-8482-F628302B5230}.Release|Any CPU.Build.0 = Release|Any CPU
		{F2D2F8CA-BAA0-4E4F-BCE5-E215930CA591}.Debug|Any CPU.ActiveCfg = Debug|Any CPU
		{F2D2F8CA-BAA0-4E4F-BCE5-E215930CA591}.Debug|Any CPU.Build.0 = Debug|Any CPU
		{F2D2F8CA-BAA0-4E4F-BCE5-E215930CA591}.Release|Any CPU.ActiveCfg = Release|Any CPU
		{F2D2F8CA-BAA0-4E4F-BCE5-E215930CA591}.Release|Any CPU.Build.0 = Release|Any CPU
		{1C4FC81E-1D0A-4A9D-A483-CA8525F539C0}.Debug|Any CPU.ActiveCfg = Debug|Any CPU
		{1C4FC81E-1D0A-4A9D-A483-CA8525F539C0}.Debug|Any CPU.Build.0 = Debug|Any CPU
		{1C4FC81E-1D0A-4A9D-A483-CA8525F539C0}.Release|Any CPU.ActiveCfg = Release|Any CPU
		{1C4FC81E-1D0A-4A9D-A483-CA8525F539C0}.Release|Any CPU.Build.0 = Release|Any CPU
		{D0094E1B-C89D-45C0-8F09-3AD258A015FD}.Debug|Any CPU.ActiveCfg = Debug|Any CPU
		{D0094E1B-C89D-45C0-8F09-3AD258A015FD}.Debug|Any CPU.Build.0 = Debug|Any CPU
		{D0094E1B-C89D-45C0-8F09-3AD258A015FD}.Release|Any CPU.ActiveCfg = Release|Any CPU
		{D0094E1B-C89D-45C0-8F09-3AD258A015FD}.Release|Any CPU.Build.0 = Release|Any CPU
	EndGlobalSection
	GlobalSection(SolutionProperties) = preSolution
		HideSolutionNode = FALSE
	EndGlobalSection
	GlobalSection(ExtensibilityGlobals) = postSolution
		SolutionGuid = {1D5FA794-0868-4AF8-ACAA-0BEFC309CE20}
	EndGlobalSection
EndGlobal
